Microsoft Visual Studio Solution File, Format Version 12.00
# Visual Studio Version 17
Project("{FAE04EC0-301F-11D3-BF4B-00C04F79EFBC}") = "OrderKit.Domain", "src\OrderKit.Domain\OrderKit.Domain.csproj", "{04F85DEF-749D-547D-B999-6E36B341B85F}"
EndProject
Project("{FAE04EC0-301F-11D3-BF4B-00C04F79EFBC}") = "OrderKit.Contracts", "src\OrderKit.Contracts\OrderKit.Contracts.csproj", "{D596BE75-051D-E197-1CE5-653AF085D6A2}"
EndProject
Project("{FAE04EC0-301F-11D3-BF4B-00C04F79EFBC}") = "OrderKit.Pricing", "src\Services\OrderKit.Pricing\OrderKit.Pricing.csproj", "{02BCD1F9-0452-A747-5A8B-1BB7DACBBEDE}"
EndProject
Project("{FAE04EC0-301F-11D3-BF4B-00C04F79EFBC}") = "OrderKit.Risk", "src\Services\OrderKit.Risk\OrderKit.Risk.csproj", "{DCDFF5F1-9C55-43CC-0D01-77E97FEA1A69}"
EndProject
Project("{FAE04EC0-301F-11D3-BF4B-00C04F79EFBC}") = "OrderKit.Reporting", "src\Services\OrderKit.Reporting\OrderKit.Reporting.csproj", "{33E17DE9-52AC-14AD-7145-D7A9773335D9}"
EndProject
Project("{FAE04EC0-301F-11D3-BF4B-00C04F79EFBC}") = "OrderKit.Tests", "tests\OrderKit.Tests\OrderKit.Tests.csproj", "{D7993E2A-0038-2F0F-26BD-E136606FE576}"
EndProject
Global
	GlobalSection(SolutionConfigurationPlatforms) = preSolution
		Debug|Any CPU = Debug|Any CPU
		Release|Any CPU = Release|Any CPU
	EndGlobalSection
	GlobalSection(ProjectConfigurationPlatforms) = postSolution
		{04F85DEF-749D-547D-B999-6E36B341B85F}.Debug|Any CPU.ActiveCfg = Debug|Any CPU
		{04F85DEF-749D-547D-B999-6E36B341B85F}.Debug|Any CPU.Build.0 = Debug|Any CPU
		{04F85DEF-749D-547D-B999-6E36B341B85F}.Release|Any CPU.ActiveCfg = Release|Any CPU
		{04F85DEF-749D-547D-B999-6E36B341B85F}.Release|Any CPU.Build.0 = Release|Any CPU
		{D596BE75-051D-E197-1CE5-653AF085D6A2}.Debug|Any CPU.ActiveCfg = Debug|Any CPU
		{D596BE75-051D-E197-1CE5-653AF085D6A2}.Debug|Any CPU.Build.0 = Debug|Any CPU
		{D596BE75-051D-E197-1CE5-653AF085D6A2}.Release|Any CPU.ActiveCfg = Release|Any CPU
		{D596BE75-051D-E197-1CE5-653AF085D6A2}.Release|Any CPU.Build.0 = Release|Any CPU
		{02BCD1F9-0452-A747-5A8B-1BB7DACBBEDE}.Debug|Any CPU.ActiveCfg = Debug|Any CPU
		{02BCD1F9-0452-A747-5A8B-1BB7DACBBEDE}.Debug|Any CPU.Build.0 = Debug|Any CPU
		{02BCD1F9-0452-A747-5A8B-1BB7DACBBEDE}.Release|Any CPU.ActiveCfg = Release|Any CPU
		{02BCD1F9-0452-A747-5A8B-1BB7DACBBEDE}.Release|Any CPU.Build.0 = Release|Any CPU
		{DCDFF5F1-9C55-43CC-0D01-77E97FEA1A69}.Debug|Any CPU.ActiveCfg = Debug|Any CPU
		{DCDFF5F1-9C55-43CC-0D01-77E97FEA1A69}.Debug|Any CPU.Build.0 = Debug|Any CPU
		{DCDFF5F1-9C55-43CC-0D01-77E97FEA1A69}.Release|Any CPU.ActiveCfg = Release|Any CPU
		{DCDFF5F1-9C55-43CC-0D01-77E97FEA1A69}.Release|Any CPU.Build.0 = Release|Any CPU
		{33E17DE9-52AC-14AD-7145-D7A9773335D9}.Debug|Any CPU.ActiveCfg = Debug|Any CPU
		{33E17DE9-52AC-14AD-7145-D7A9773335D9}.Debug|Any CPU.Build.0 = Debug|Any CPU
		{33E17DE9-52AC-14AD-7145-D7A9773335D9}.Release|Any CPU.ActiveCfg = Release|Any CPU
		{33E17DE9-52AC-14AD-7145-D7A9773335D9}.Release|Any CPU.Build.0 = Release|Any CPU
		{D7993E2A-0038-2F0F-26BD-E136606FE576}.Debug|Any CPU.ActiveCfg = Debug|Any CPU
		{D7993E2A-0038-2F0F-26BD-E136606FE576}.Debug|Any CPU.Build.0 = Debug|Any CPU
		{D7993E2A-0038-2F0F-26BD-E136606FE576}.Release|Any CPU.ActiveCfg = Release|Any CPU
		{D7993E2A-0038-2F0F-26BD-E136606FE576}.Release|Any CPU.Build.0 = Release|Any CPU
	EndGlobalSection
EndGlobal
